
Microsoft Visual Studio Solution File, Format Version 12.00
# Visual Studio Version 17
VisualStudioVersion = 17.5.002.0
MinimumVisualStudioVersion = 10.0.40219.1
Project("{9A19103F-16F7-4668-BE54-9A1E7A4F7556}") = "servicebusreceiver", "servicebusreceiver.csproj", "{B9F7B532-3574-4504-A7D2-3513607DE43E}"
EndProject
Global
	GlobalSection(SolutionConfigurationPlatforms) = preSolution
		Debug|Any CPU = Debug|Any CPU
		Release|Any CPU = Release|Any CPU
	EndGlobalSection
	GlobalSection(ProjectConfigurationPlatforms) = postSolution
		{B9F7B532-3574-4504-A7D2-3513607DE43E}.Debug|Any CPU.ActiveCfg = Debug|Any CPU
		{B9F7B532-3574-4504-A7D2-3513607DE43E}.Debug|Any CPU.Build.0 = Debug|Any CPU
		{B9F7B532-3574-4504-A7D2-3513607DE43E}.Release|Any CPU.ActiveCfg = Release|Any CPU
		{B9F7B532-3574-4504-A7D2-3513607DE43E}.Release|Any CPU.Build.0 = Release|Any CPU
	EndGlobalSection
	GlobalSection(SolutionProperties) = preSolution
		HideSolutionNode = FALSE
	EndGlobalSection
	GlobalSection(ExtensibilityGlobals) = postSolution
		SolutionGuid = {E79D9743-A9BB-4577-AD4F-47A2549FB0E6}
	EndGlobalSection
EndGlobal
