Microsoft Visual Studio Solution File, Format Version 12.00
# Visual Studio Version 17
VisualStudioVersion = 17.5.2.0
MinimumVisualStudioVersion = 10.0.40219.1
Project("{FAE04EC0-301F-11D3-BF4B-00C04F79EFBC}") = "az204sbreceiver", "az204sbreceiver.csproj", "{235FF38E-7B82-7FF6-1E1C-CA4A87FD6034}"
EndProject
Global
	GlobalSection(SolutionConfigurationPlatforms) = preSolution
		Debug|Any CPU = Debug|Any CPU
		Release|Any CPU = Release|Any CPU
	EndGlobalSection
	GlobalSection(ProjectConfigurationPlatforms) = postSolution
		{235FF38E-7B82-7FF6-1E1C-CA4A87FD6034}.Debug|Any CPU.ActiveCfg = Debug|Any CPU
		{235FF38E-7B82-7FF6-1E1C-CA4A87FD6034}.Debug|Any CPU.Build.0 = Debug|Any CPU
		{235FF38E-7B82-7FF6-1E1C-CA4A87FD6034}.Release|Any CPU.ActiveCfg = Release|Any CPU
		{235FF38E-7B82-7FF6-1E1C-CA4A87FD6034}.Release|Any CPU.Build.0 = Release|Any CPU
	EndGlobalSection
	GlobalSection(SolutionProperties) = preSolution
		HideSolutionNode = FALSE
	EndGlobalSection
	GlobalSection(ExtensibilityGlobals) = postSolution
		SolutionGuid = {3EB8AEA6-DBE4-45E6-A1E0-A2C4D6489824}
	EndGlobalSection
EndGlobal
